// !$*UTF8*$!
{
	archiveVersion = 1;
	classes = {
	};
	objectVersion = 50;
	objects = {

/* Begin PBXBuildFile section */
		DA1B435222475F98007827CC /* AppDelegate.swift in Sources */ = {isa = PBXBuildFile; fileRef = DA1B435122475F98007827CC /* AppDelegate.swift */; };
		DA1B435422475F98007827CC /* MasterViewController.swift in Sources */ = {isa = PBXBuildFile; fileRef = DA1B435322475F98007827CC /* MasterViewController.swift */; };
		DA1B435922475F98007827CC /* Main.storyboard in Resources */ = {isa = PBXBuildFile; fileRef = DA1B435722475F98007827CC /* Main.storyboard */; };
		DA1B435B22475F99007827CC /* Assets.xcassets in Resources */ = {isa = PBXBuildFile; fileRef = DA1B435A22475F99007827CC /* Assets.xcassets */; };
		DA1B435E22475F99007827CC /* LaunchScreen.storyboard in Resources */ = {isa = PBXBuildFile; fileRef = DA1B435C22475F99007827CC /* LaunchScreen.storyboard */; };
		DA1B436922475F99007827CC /* MovieAppTests.swift in Sources */ = {isa = PBXBuildFile; fileRef = DA1B436822475F99007827CC /* MovieAppTests.swift */; };
		DA1B437422475F99007827CC /* MovieAppUITests.swift in Sources */ = {isa = PBXBuildFile; fileRef = DA1B437322475F99007827CC /* MovieAppUITests.swift */; };
		DA1B438822475FFD007827CC /* MovieDynamicLibrary.framework in Embed Frameworks */ = {isa = PBXBuildFile; fileRef = DA1B438522475FD0007827CC /* MovieDynamicLibrary.framework */; settings = {ATTRIBUTES = (CodeSignOnCopy, RemoveHeadersOnCopy, ); }; };
		DA1B438A22476019007827CC /* MovieDynamicLibrary.framework in Frameworks */ = {isa = PBXBuildFile; fileRef = DA1B438522475FD0007827CC /* MovieDynamicLibrary.framework */; };
/* End PBXBuildFile section */

/* Begin PBXContainerItemProxy section */
		DA1B436522475F99007827CC /* PBXContainerItemProxy */ = {
			isa = PBXContainerItemProxy;
			containerPortal = DA1B434622475F98007827CC /* Project object */;
			proxyType = 1;
			remoteGlobalIDString = DA1B434D22475F98007827CC;
			remoteInfo = MovieApp;
		};
		DA1B437022475F99007827CC /* PBXContainerItemProxy */ = {
			isa = PBXContainerItemProxy;
			containerPortal = DA1B434622475F98007827CC /* Project object */;
			proxyType = 1;
			remoteGlobalIDString = DA1B434D22475F98007827CC;
			remoteInfo = MovieApp;
		};
/* End PBXContainerItemProxy section */

/* Begin PBXCopyFilesBuildPhase section */
		DA1B438922475FFD007827CC /* Embed Frameworks */ = {
			isa = PBXCopyFilesBuildPhase;
			buildActionMask = 2147483647;
			dstPath = "";
			dstSubfolderSpec = 10;
			files = (
				DA1B438822475FFD007827CC /* MovieDynamicLibrary.framework in Embed Frameworks */,
			);
			name = "Embed Frameworks";
			runOnlyForDeploymentPostprocessing = 0;
		};
/* End PBXCopyFilesBuildPhase section */

/* Begin PBXFileReference section */
		DA1B434E22475F98007827CC /* MovieApp.app */ = {isa = PBXFileReference; explicitFileType = wrapper.application; includeInIndex = 0; path = MovieApp.app; sourceTree = BUILT_PRODUCTS_DIR; };
		DA1B435122475F98007827CC /* AppDelegate.swift */ = {isa = PBXFileReference; lastKnownFileType = sourcecode.swift; path = AppDelegate.swift; sourceTree = "<group>"; };
		DA1B435322475F98007827CC /* MasterViewController.swift */ = {isa = PBXFileReference; lastKnownFileType = sourcecode.swift; path = MasterViewController.swift; sourceTree = "<group>"; };
		DA1B435822475F98007827CC /* Base */ = {isa = PBXFileReference; lastKnownFileType = file.storyboard; name = Base; path = Base.lproj/Main.storyboard; sourceTree = "<group>"; };
		DA1B435A22475F99007827CC /* Assets.xcassets */ = {isa = PBXFileReference; lastKnownFileType = folder.assetcatalog; path = Assets.xcassets; sourceTree = "<group>"; };
		DA1B435D22475F99007827CC /* Base */ = {isa = PBXFileReference; lastKnownFileType = file.storyboard; name = Base; path = Base.lproj/LaunchScreen.storyboard; sourceTree = "<group>"; };
		DA1B435F22475F99007827CC /* Info.plist */ = {isa = PBXFileReference; lastKnownFileType = text.plist.xml; path = Info.plist; sourceTree = "<group>"; };
		DA1B436422475F99007827CC /* MovieAppTests.xctest */ = {isa = PBXFileReference; explicitFileType = wrapper.cfbundle; includeInIndex = 0; path = MovieAppTests.xctest; sourceTree = BUILT_PRODUCTS_DIR; };
		DA1B436822475F99007827CC /* MovieAppTests.swift */ = {isa = PBXFileReference; lastKnownFileType = sourcecode.swift; path = MovieAppTests.swift; sourceTree = "<group>"; };
		DA1B436A22475F99007827CC /* Info.plist */ = {isa = PBXFileReference; lastKnownFileType = text.plist.xml; path = Info.plist; sourceTree = "<group>"; };
		DA1B436F22475F99007827CC /* MovieAppUITests.xctest */ = {isa = PBXFileReference; explicitFileType = wrapper.cfbundle; includeInIndex = 0; path = MovieAppUITests.xctest; sourceTree = BUILT_PRODUCTS_DIR; };
		DA1B437322475F99007827CC /* MovieAppUITests.swift */ = {isa = PBXFileReference; lastKnownFileType = sourcecode.swift; path = MovieAppUITests.swift; sourceTree = "<group>"; };
		DA1B437522475F99007827CC /* Info.plist */ = {isa = PBXFileReference; lastKnownFileType = text.plist.xml; path = Info.plist; sourceTree = "<group>"; };
		DA1B438522475FD0007827CC /* MovieDynamicLibrary.framework */ = {isa = PBXFileReference; lastKnownFileType = wrapper.framework; path = MovieDynamicLibrary.framework; sourceTree = "<group>"; };
/* End PBXFileReference section */

/* Begin PBXFrameworksBuildPhase section */
		DA1B434B22475F98007827CC /* Frameworks */ = {
			isa = PBXFrameworksBuildPhase;
			buildActionMask = 2147483647;
			files = (
				DA1B438A22476019007827CC /* MovieDynamicLibrary.framework in Frameworks */,
			);
			runOnlyForDeploymentPostprocessing = 0;
		};
		DA1B436122475F99007827CC /* Frameworks */ = {
			isa = PBXFrameworksBuildPhase;
			buildActionMask = 2147483647;
			files = (
			);
			runOnlyForDeploymentPostprocessing = 0;
		};
		DA1B436C22475F99007827CC /* Frameworks */ = {
			isa = PBXFrameworksBuildPhase;
			buildActionMask = 2147483647;
			files = (
			);
			runOnlyForDeploymentPostprocessing = 0;
		};
/* End PBXFrameworksBuildPhase section */

/* Begin PBXGroup section */
		DA1B434522475F98007827CC = {
			isa = PBXGroup;
			children = (
				DA1B435022475F98007827CC /* MovieApp */,
				DA1B436722475F99007827CC /* MovieAppTests */,
				DA1B437222475F99007827CC /* MovieAppUITests */,
				DA1B434F22475F98007827CC /* Products */,
				DA1B438122475FC4007827CC /* Frameworks */,
			);
			sourceTree = "<group>";
		};
		DA1B434F22475F98007827CC /* Products */ = {
			isa = PBXGroup;
			children = (
				DA1B434E22475F98007827CC /* MovieApp.app */,
				DA1B436422475F99007827CC /* MovieAppTests.xctest */,
				DA1B436F22475F99007827CC /* MovieAppUITests.xctest */,
			);
			name = Products;
			sourceTree = "<group>";
		};
		DA1B435022475F98007827CC /* MovieApp */ = {
			isa = PBXGroup;
			children = (
				DA1B435122475F98007827CC /* AppDelegate.swift */,
				DA1B435322475F98007827CC /* MasterViewController.swift */,
				DA1B435722475F98007827CC /* Main.storyboard */,
				DA1B435A22475F99007827CC /* Assets.xcassets */,
				DA1B435C22475F99007827CC /* LaunchScreen.storyboard */,
				DA1B435F22475F99007827CC /* Info.plist */,
			);
			path = MovieApp;
			sourceTree = "<group>";
		};
		DA1B436722475F99007827CC /* MovieAppTests */ = {
			isa = PBXGroup;
			children = (
				DA1B436822475F99007827CC /* MovieAppTests.swift */,
				DA1B436A22475F99007827CC /* Info.plist */,
			);
			path = MovieAppTests;
			sourceTree = "<group>";
		};
		DA1B437222475F99007827CC /* MovieAppUITests */ = {
			isa = PBXGroup;
			children = (
				DA1B437322475F99007827CC /* MovieAppUITests.swift */,
				DA1B437522475F99007827CC /* Info.plist */,
			);
			path = MovieAppUITests;
			sourceTree = "<group>";
		};
		DA1B438122475FC4007827CC /* Frameworks */ = {
			isa = PBXGroup;
			children = (
				DA1B438422475FD0007827CC /* DynamicLibrary */,
			);
			name = Frameworks;
			sourceTree = "<group>";
		};
		DA1B438422475FD0007827CC /* DynamicLibrary */ = {
			isa = PBXGroup;
			children = (
				DA1B438522475FD0007827CC /* MovieDynamicLibrary.framework */,
			);
			path = DynamicLibrary;
			sourceTree = "<group>";
		};
/* End PBXGroup section */

/* Begin PBXNativeTarget section */
		DA1B434D22475F98007827CC /* MovieApp */ = {
			isa = PBXNativeTarget;
			buildConfigurationList = DA1B437822475F99007827CC /* Build configuration list for PBXNativeTarget "MovieApp" */;
			buildPhases = (
				DA1B434A22475F98007827CC /* Sources */,
				DA1B434B22475F98007827CC /* Frameworks */,
				DA1B434C22475F98007827CC /* Resources */,
				DA1B438922475FFD007827CC /* Embed Frameworks */,
			);
			buildRules = (
			);
			dependencies = (
			);
			name = MovieApp;
			productName = MovieApp;
			productReference = DA1B434E22475F98007827CC /* MovieApp.app */;
			productType = "com.apple.product-type.application";
		};
		DA1B436322475F99007827CC /* MovieAppTests */ = {
			isa = PBXNativeTarget;
			buildConfigurationList = DA1B437B22475F99007827CC /* Build configuration list for PBXNativeTarget "MovieAppTests" */;
			buildPhases = (
				DA1B436022475F99007827CC /* Sources */,
				DA1B436122475F99007827CC /* Frameworks */,
				DA1B436222475F99007827CC /* Resources */,
			);
			buildRules = (
			);
			dependencies = (
				DA1B436622475F99007827CC /* PBXTargetDependency */,
			);
			name = MovieAppTests;
			productName = MovieAppTests;
			productReference = DA1B436422475F99007827CC /* MovieAppTests.xctest */;
			productType = "com.apple.product-type.bundle.unit-test";
		};
		DA1B436E22475F99007827CC /* MovieAppUITests */ = {
			isa = PBXNativeTarget;
			buildConfigurationList = DA1B437E22475F99007827CC /* Build configuration list for PBXNativeTarget "MovieAppUITests" */;
			buildPhases = (
				DA1B436B22475F99007827CC /* Sources */,
				DA1B436C22475F99007827CC /* Frameworks */,
				DA1B436D22475F99007827CC /* Resources */,
			);
			buildRules = (
			);
			dependencies = (
				DA1B437122475F99007827CC /* PBXTargetDependency */,
			);
			name = MovieAppUITests;
			productName = MovieAppUITests;
			productReference = DA1B436F22475F99007827CC /* MovieAppUITests.xctest */;
			productType = "com.apple.product-type.bundle.ui-testing";
		};
/* End PBXNativeTarget section */

/* Begin PBXProject section */
		DA1B434622475F98007827CC /* Project object */ = {
			isa = PBXProject;
			attributes = {
				LastSwiftUpdateCheck = 1010;
				LastUpgradeCheck = 1010;
				ORGANIZATIONNAME = "Aloha Cool";
				TargetAttributes = {
					DA1B434D22475F98007827CC = {
						CreatedOnToolsVersion = 10.1;
					};
					DA1B436322475F99007827CC = {
						CreatedOnToolsVersion = 10.1;
						TestTargetID = DA1B434D22475F98007827CC;
					};
					DA1B436E22475F99007827CC = {
						CreatedOnToolsVersion = 10.1;
						TestTargetID = DA1B434D22475F98007827CC;
					};
				};
			};
			buildConfigurationList = DA1B434922475F98007827CC /* Build configuration list for PBXProject "MovieApp" */;
			compatibilityVersion = "Xcode 9.3";
			developmentRegion = en;
			hasScannedForEncodings = 0;
			knownRegions = (
				en,
				Base,
			);
			mainGroup = DA1B434522475F98007827CC;
			productRefGroup = DA1B434F22475F98007827CC /* Products */;
			projectDirPath = "";
			projectRoot = "";
			targets = (
				DA1B434D22475F98007827CC /* MovieApp */,
				DA1B436322475F99007827CC /* MovieAppTests */,
				DA1B436E22475F99007827CC /* MovieAppUITests */,
			);
		};
/* End PBXProject section */

/* Begin PBXResourcesBuildPhase section */
		DA1B434C22475F98007827CC /* Resources */ = {
			isa = PBXResourcesBuildPhase;
			buildActionMask = 2147483647;
			files = (
				DA1B435E22475F99007827CC /* LaunchScreen.storyboard in Resources */,
				DA1B435B22475F99007827CC /* Assets.xcassets in Resources */,
				DA1B435922475F98007827CC /* Main.storyboard in Resources */,
			);
			runOnlyForDeploymentPostprocessing = 0;
		};
		DA1B436222475F99007827CC /* Resources */ = {
			isa = PBXResourcesBuildPhase;
			buildActionMask = 2147483647;
			files = (
			);
			runOnlyForDeploymentPostprocessing = 0;
		};
		DA1B436D22475F99007827CC /* Resources */ = {
			isa = PBXResourcesBuildPhase;
			buildActionMask = 2147483647;
			files = (
			);
			runOnlyForDeploymentPostprocessing = 0;
		};
/* End PBXResourcesBuildPhase section */

/* Begin PBXSourcesBuildPhase section */
		DA1B434A22475F98007827CC /* Sources */ = {
			isa = PBXSourcesBuildPhase;
			buildActionMask = 2147483647;
			files = (
				DA1B435422475F98007827CC /* MasterViewController.swift in Sources */,
				DA1B435222475F98007827CC /* AppDelegate.swift in Sources */,
			);
			runOnlyForDeploymentPostprocessing = 0;
		};
		DA1B436022475F99007827CC /* Sources */ = {
			isa = PBXSourcesBuildPhase;
			buildActionMask = 2147483647;
			files = (
				DA1B436922475F99007827CC /* MovieAppTests.swift in Sources */,
			);
			runOnlyForDeploymentPostprocessing = 0;
		};
		DA1B436B22475F99007827CC /* Sources */ = {
			isa = PBXSourcesBuildPhase;
			buildActionMask = 2147483647;
			files = (
				DA1B437422475F99007827CC /* MovieAppUITests.swift in Sources */,
			);
			runOnlyForDeploymentPostprocessing = 0;
		};
/* End PBXSourcesBuildPhase section */

/* Begin PBXTargetDependency section */
		DA1B436622475F99007827CC /* PBXTargetDependency */ = {
			isa = PBXTargetDependency;
			target = DA1B434D22475F98007827CC /* MovieApp */;
			targetProxy = DA1B436522475F99007827CC /* PBXContainerItemProxy */;
		};
		DA1B437122475F99007827CC /* PBXTargetDependency */ = {
			isa = PBXTargetDependency;
			target = DA1B434D22475F98007827CC /* MovieApp */;
			targetProxy = DA1B437022475F99007827CC /* PBXContainerItemProxy */;
		};
/* End PBXTargetDependency section */

/* Begin PBXVariantGroup section */
		DA1B435722475F98007827CC /* Main.storyboard */ = {
			isa = PBXVariantGroup;
			children = (
				DA1B435822475F98007827CC /* Base */,
			);
			name = Main.storyboard;
			sourceTree = "<group>";
		};
		DA1B435C22475F99007827CC /* LaunchScreen.storyboard */ = {
			isa = PBXVariantGroup;
			children = (
				DA1B435D22475F99007827CC /* Base */,
			);
			name = LaunchScreen.storyboard;
			sourceTree = "<group>";
		};
/* End PBXVariantGroup section */

/* Begin XCBuildConfiguration section */
		DA1B437622475F99007827CC /* Debug */ = {
			isa = XCBuildConfiguration;
			buildSettings = {
				ALWAYS_SEARCH_USER_PATHS = NO;
				CLANG_ANALYZER_NONNULL = YES;
				CLANG_ANALYZER_NUMBER_OBJECT_CONVERSION = YES_AGGRESSIVE;
				CLANG_CXX_LANGUAGE_STANDARD = "gnu++14";
				CLANG_CXX_LIBRARY = "libc++";
				CLANG_ENABLE_MODULES = YES;
				CLANG_ENABLE_OBJC_ARC = YES;
				CLANG_ENABLE_OBJC_WEAK = YES;
				CLANG_WARN_BLOCK_CAPTURE_AUTORELEASING = YES;
				CLANG_WARN_BOOL_CONVERSION = YES;
				CLANG_WARN_COMMA = YES;
				CLANG_WARN_CONSTANT_CONVERSION = YES;
				CLANG_WARN_DEPRECATED_OBJC_IMPLEMENTATIONS = YES;
				CLANG_WARN_DIRECT_OBJC_ISA_USAGE = YES_ERROR;
				CLANG_WARN_DOCUMENTATION_COMMENTS = YES;
				CLANG_WARN_EMPTY_BODY = YES;
				CLANG_WARN_ENUM_CONVERSION = YES;
				CLANG_WARN_INFINITE_RECURSION = YES;
				CLANG_WARN_INT_CONVERSION = YES;
				CLANG_WARN_NON_LITERAL_NULL_CONVERSION = YES;
				CLANG_WARN_OBJC_IMPLICIT_RETAIN_SELF = YES;
				CLANG_WARN_OBJC_LITERAL_CONVERSION = YES;
				CLANG_WARN_OBJC_ROOT_CLASS = YES_ERROR;
				CLANG_WARN_RANGE_LOOP_ANALYSIS = YES;
				CLANG_WARN_STRICT_PROTOTYPES = YES;
				CLANG_WARN_SUSPICIOUS_MOVE = YES;
				CLANG_WARN_UNGUARDED_AVAILABILITY = YES_AGGRESSIVE;
				CLANG_WARN_UNREACHABLE_CODE = YES;
				CLANG_WARN__DUPLICATE_METHOD_MATCH = YES;
				CODE_SIGN_IDENTITY = "iPhone Developer";
				COPY_PHASE_STRIP = NO;
				DEBUG_INFORMATION_FORMAT = dwarf;
				ENABLE_STRICT_OBJC_MSGSEND = YES;
				ENABLE_TESTABILITY = YES;
				GCC_C_LANGUAGE_STANDARD = gnu11;
				GCC_DYNAMIC_NO_PIC = NO;
				GCC_NO_COMMON_BLOCKS = YES;
				GCC_OPTIMIZATION_LEVEL = 0;
				GCC_PREPROCESSOR_DEFINITIONS = (
					"DEBUG=1",
					"$(inherited)",
				);
				GCC_WARN_64_TO_32_BIT_CONVERSION = YES;
				GCC_WARN_ABOUT_RETURN_TYPE = YES_ERROR;
				GCC_WARN_UNDECLARED_SELECTOR = YES;
				GCC_WARN_UNINITIALIZED_AUTOS = YES_AGGRESSIVE;
				GCC_WARN_UNUSED_FUNCTION = YES;
				GCC_WARN_UNUSED_VARIABLE = YES;
				IPHONEOS_DEPLOYMENT_TARGET = 12.1;
				MTL_ENABLE_DEBUG_INFO = INCLUDE_SOURCE;
				MTL_FAST_MATH = YES;
				ONLY_ACTIVE_ARCH = YES;
				SDKROOT = iphoneos;
				SWIFT_ACTIVE_COMPILATION_CONDITIONS = DEBUG;
				SWIFT_OPTIMIZATION_LEVEL = "-Onone";
			};
			name = Debug;
		};
		DA1B437722475F99007827CC /* Release */ = {
			isa = XCBuildConfiguration;
			buildSettings = {
				ALWAYS_SEARCH_USER_PATHS = NO;
				CLANG_ANALYZER_NONNULL = YES;
				CLANG_ANALYZER_NUMBER_OBJECT_CONVERSION = YES_AGGRESSIVE;
				CLANG_CXX_LANGUAGE_STANDARD = "gnu++14";
				CLANG_CXX_LIBRARY = "libc++";
				CLANG_ENABLE_MODULES = YES;
				CLANG_ENABLE_OBJC_ARC = YES;
				CLANG_ENABLE_OBJC_WEAK = YES;
				CLANG_WARN_BLOCK_CAPTURE_AUTORELEASING = YES;
				CLANG_WARN_BOOL_CONVERSION = YES;
				CLANG_WARN_COMMA = YES;
				CLANG_WARN_CONSTANT_CONVERSION = YES;
				CLANG_WARN_DEPRECATED_OBJC_IMPLEMENTATIONS = YES;
				CLANG_WARN_DIRECT_OBJC_ISA_USAGE = YES_ERROR;
				CLANG_WARN_DOCUMENTATION_COMMENTS = YES;
				CLANG_WARN_EMPTY_BODY = YES;
				CLANG_WARN_ENUM_CONVERSION = YES;
				CLANG_WARN_INFINITE_RECURSION = YES;
				CLANG_WARN_INT_CONVERSION = YES;
				CLANG_WARN_NON_LITERAL_NULL_CONVERSION = YES;
				CLANG_WARN_OBJC_IMPLICIT_RETAIN_SELF = YES;
				CLANG_WARN_OBJC_LITERAL_CONVERSION = YES;
				CLANG_WARN_OBJC_ROOT_CLASS = YES_ERROR;
				CLANG_WARN_RANGE_LOOP_ANALYSIS = YES;
				CLANG_WARN_STRICT_PROTOTYPES = YES;
				CLANG_WARN_SUSPICIOUS_MOVE = YES;
				CLANG_WARN_UNGUARDED_AVAILABILITY = YES_AGGRESSIVE;
				CLANG_WARN_UNREACHABLE_CODE = YES;
				CLANG_WARN__DUPLICATE_METHOD_MATCH = YES;
				CODE_SIGN_IDENTITY = "iPhone Developer";
				COPY_PHASE_STRIP = NO;
				DEBUG_INFORMATION_FORMAT = "dwarf-with-dsym";
				ENABLE_NS_ASSERTIONS = NO;
				ENABLE_STRICT_OBJC_MSGSEND = YES;
				GCC_C_LANGUAGE_STANDARD = gnu11;
				GCC_NO_COMMON_BLOCKS = YES;
				GCC_WARN_64_TO_32_BIT_CONVERSION = YES;
				GCC_WARN_ABOUT_RETURN_TYPE = YES_ERROR;
				GCC_WARN_UNDECLARED_SELECTOR = YES;
				GCC_WARN_UNINITIALIZED_AUTOS = YES_AGGRESSIVE;
				GCC_WARN_UNUSED_FUNCTION = YES;
				GCC_WARN_UNUSED_VARIABLE = YES;
				IPHONEOS_DEPLOYMENT_TARGET = 12.1;
				MTL_ENABLE_DEBUG_INFO = NO;
				MTL_FAST_MATH = YES;
				SDKROOT = iphoneos;
				SWIFT_COMPILATION_MODE = wholemodule;
				SWIFT_OPTIMIZATION_LEVEL = "-O";
				VALIDATE_PRODUCT = YES;
			};
			name = Release;
		};
		DA1B437922475F99007827CC /* Debug */ = {
			isa = XCBuildConfiguration;
			buildSettings = {
				ASSETCATALOG_COMPILER_APPICON_NAME = AppIcon;
				CODE_SIGN_STYLE = Automatic;
				FRAMEWORK_SEARCH_PATHS = (
					"$(inherited)",
					"$(PROJECT_DIR)/DynamicLibrary",
				);
				INFOPLIST_FILE = MovieApp/Info.plist;
				LD_RUNPATH_SEARCH_PATHS = (
					"$(inherited)",
					"@executable_path/Frameworks",
				);
				PRODUCT_BUNDLE_IDENTIFIER = com.example.MovieApp;
				PRODUCT_NAME = "$(TARGET_NAME)";
				SWIFT_VERSION = 4.2;
				TARGETED_DEVICE_FAMILY = "1,2";
			};
			name = Debug;
		};
		DA1B437A22475F99007827CC /* Release */ = {
			isa = XCBuildConfiguration;
			buildSettings = {
				ASSETCATALOG_COMPILER_APPICON_NAME = AppIcon;
				CODE_SIGN_STYLE = Automatic;
				FRAMEWORK_SEARCH_PATHS = (
					"$(inherited)",
					"$(PROJECT_DIR)/DynamicLibrary",
				);
				INFOPLIST_FILE = MovieApp/Info.plist;
				LD_RUNPATH_SEARCH_PATHS = (
					"$(inherited)",
					"@executable_path/Frameworks",
				);
				PRODUCT_BUNDLE_IDENTIFIER = com.example.MovieApp;
				PRODUCT_NAME = "$(TARGET_NAME)";
				SWIFT_VERSION = 4.2;
				TARGETED_DEVICE_FAMILY = "1,2";
			};
			name = Release;
		};
		DA1B437C22475F99007827CC /* Debug */ = {
			isa = XCBuildConfiguration;
			buildSettings = {
				ALWAYS_EMBED_SWIFT_STANDARD_LIBRARIES = YES;
				BUNDLE_LOADER = "$(TEST_HOST)";
				CODE_SIGN_STYLE = Automatic;
				INFOPLIST_FILE = MovieAppTests/Info.plist;
				LD_RUNPATH_SEARCH_PATHS = (
					"$(inherited)",
					"@executable_path/Frameworks",
					"@loader_path/Frameworks",
				);
				PRODUCT_BUNDLE_IDENTIFIER = com.example.MovieAppTests;
				PRODUCT_NAME = "$(TARGET_NAME)";
				SWIFT_VERSION = 4.2;
				TARGETED_DEVICE_FAMILY = "1,2";
				TEST_HOST = "$(BUILT_PRODUCTS_DIR)/MovieApp.app/MovieApp";
			};
			name = Debug;
		};
		DA1B437D22475F99007827CC /* Release */ = {
			isa = XCBuildConfiguration;
			buildSettings = {
				ALWAYS_EMBED_SWIFT_STANDARD_LIBRARIES = YES;
				BUNDLE_LOADER = "$(TEST_HOST)";
				CODE_SIGN_STYLE = Automatic;
				INFOPLIST_FILE = MovieAppTests/Info.plist;
				LD_RUNPATH_SEARCH_PATHS = (
					"$(inherited)",
					"@executable_path/Frameworks",
					"@loader_path/Frameworks",
				);
				PRODUCT_BUNDLE_IDENTIFIER = com.example.MovieAppTests;
				PRODUCT_NAME = "$(TARGET_NAME)";
				SWIFT_VERSION = 4.2;
				TARGETED_DEVICE_FAMILY = "1,2";
				TEST_HOST = "$(BUILT_PRODUCTS_DIR)/MovieApp.app/MovieApp";
			};
			name = Release;
		};
		DA1B437F22475F99007827CC /* Debug */ = {
			isa = XCBuildConfiguration;
			buildSettings = {
				ALWAYS_EMBED_SWIFT_STANDARD_LIBRARIES = YES;
				CODE_SIGN_STYLE = Automatic;
				INFOPLIST_FILE = MovieAppUITests/Info.plist;
				LD_RUNPATH_SEARCH_PATHS = (
					"$(inherited)",
					"@executable_path/Frameworks",
					"@loader_path/Frameworks",
				);
				PRODUCT_BUNDLE_IDENTIFIER = com.example.MovieAppUITests;
				PRODUCT_NAME = "$(TARGET_NAME)";
				SWIFT_VERSION = 4.2;
				TARGETED_DEVICE_FAMILY = "1,2";
				TEST_TARGET_NAME = MovieApp;
			};
			name = Debug;
		};
		DA1B438022475F99007827CC /* Release */ = {
			isa = XCBuildConfiguration;
			buildSettings = {
				ALWAYS_EMBED_SWIFT_STANDARD_LIBRARIES = YES;
				CODE_SIGN_STYLE = Automatic;
				INFOPLIST_FILE = MovieAppUITests/Info.plist;
				LD_RUNPATH_SEARCH_PATHS = (
					"$(inherited)",
					"@executable_path/Frameworks",
					"@loader_path/Frameworks",
				);
				PRODUCT_BUNDLE_IDENTIFIER = com.example.MovieAppUITests;
				PRODUCT_NAME = "$(TARGET_NAME)";
				SWIFT_VERSION = 4.2;
				TARGETED_DEVICE_FAMILY = "1,2";
				TEST_TARGET_NAME = MovieApp;
			};
			name = Release;
		};
/* End XCBuildConfiguration section */

/* Begin XCConfigurationList section */
		DA1B434922475F98007827CC /* Build configuration list for PBXProject "MovieApp" */ = {
			isa = XCConfigurationList;
			buildConfigurations = (
				DA1B437622475F99007827CC /* Debug */,
				DA1B437722475F99007827CC /* Release */,
			);
			defaultConfigurationIsVisible = 0;
			defaultConfigurationName = Release;
		};
		DA1B437822475F99007827CC /* Build configuration list for PBXNativeTarget "MovieApp" */ = {
			isa = XCConfigurationList;
			buildConfigurations = (
				DA1B437922475F99007827CC /* Debug */,
				DA1B437A22475F99007827CC /* Release */,
			);
			defaultConfigurationIsVisible = 0;
			defaultConfigurationName = Release;
		};
		DA1B437B22475F99007827CC /* Build configuration list for PBXNativeTarget "MovieAppTests" */ = {
			isa = XCConfigurationList;
			buildConfigurations = (
				DA1B437C22475F99007827CC /* Debug */,
				DA1B437D22475F99007827CC /* Release */,
			);
			defaultConfigurationIsVisible = 0;
			defaultConfigurationName = Release;
		};
		DA1B437E22475F99007827CC /* Build configuration list for PBXNativeTarget "MovieAppUITests" */ = {
			isa = XCConfigurationList;
			buildConfigurations = (
				DA1B437F22475F99007827CC /* Debug */,
				DA1B438022475F99007827CC /* Release */,
			);
			defaultConfigurationIsVisible = 0;
			defaultConfigurationName = Release;
		};
/* End XCConfigurationList section */
	};
	rootObject = DA1B434622475F98007827CC /* Project object */;
}
